
Microsoft Visual Studio Solution File, Format Version 12.00
# Visual Studio 2015
Project("{FAE04EC0-301F-11D3-BF4B-00C04F79EFBC}") = "Snowball Fight", "Snowball Fight.csproj", "{937CA6F6-5B0C-F132-3BE4-33D72FEA68F7}"
EndProject
Project("{FAE04EC0-301F-11D3-BF4B-00C04F79EFBC}") = "Snowball Fight.Editor", "Snowball Fight.Editor.csproj", "{B7AFD86E-DB44-B83F-768D-2A42D1F0E6B9}"
EndProject
Global
	GlobalSection(SolutionConfigurationPlatforms) = preSolution
		Debug|Any CPU = Debug|Any CPU
		Release|Any CPU = Release|Any CPU
	EndGlobalSection
	GlobalSection(ProjectConfigurationPlatforms) = postSolution
		{937CA6F6-5B0C-F132-3BE4-33D72FEA68F7}.Debug|Any CPU.ActiveCfg = Debug|Any CPU
		{937CA6F6-5B0C-F132-3BE4-33D72FEA68F7}.Debug|Any CPU.Build.0 = Debug|Any CPU
		{937CA6F6-5B0C-F132-3BE4-33D72FEA68F7}.Release|Any CPU.ActiveCfg = Release|Any CPU
		{937CA6F6-5B0C-F132-3BE4-33D72FEA68F7}.Release|Any CPU.Build.0 = Release|Any CPU
		{B7AFD86E-DB44-B83F-768D-2A42D1F0E6B9}.Debug|Any CPU.ActiveCfg = Debug|Any CPU
		{B7AFD86E-DB44-B83F-768D-2A42D1F0E6B9}.Debug|Any CPU.Build.0 = Debug|Any CPU
		{B7AFD86E-DB44-B83F-768D-2A42D1F0E6B9}.Release|Any CPU.ActiveCfg = Release|Any CPU
		{B7AFD86E-DB44-B83F-768D-2A42D1F0E6B9}.Release|Any CPU.Build.0 = Release|Any CPU
	EndGlobalSection
	GlobalSection(SolutionProperties) = preSolution
		HideSolutionNode = FALSE
	EndGlobalSection
EndGlobal
